
Microsoft Visual Studio Solution File, Format Version 12.00
# Visual Studio Version 17
VisualStudioVersion = 17.4.33213.308
MinimumVisualStudioVersion = 10.0.40219.1
Project("{FAE04EC0-301F-11D3-BF4B-00C04F79EFBC}") = "CalculatorWinformsApp", "CalculatorWinformsApp\CalculatorWinformsApp.csproj", "{CD6173CF-2BB7-4CE5-B776-E721CB4EBEF6}"
EndProject
Global
	GlobalSection(SolutionConfigurationPlatforms) = preSolution
		Debug|Any CPU = Debug|Any CPU
		Release|Any CPU = Release|Any CPU
	EndGlobalSection
	GlobalSection(ProjectConfigurationPlatforms) = postSolution
		{CD6173CF-2BB7-4CE5-B776-E721CB4EBEF6}.Debug|Any CPU.ActiveCfg = Debug|Any CPU
		{CD6173CF-2BB7-4CE5-B776-E721CB4EBEF6}.Debug|Any CPU.Build.0 = Debug|Any CPU
		{CD6173CF-2BB7-4CE5-B776-E721CB4EBEF6}.Release|Any CPU.ActiveCfg = Release|Any CPU
		{CD6173CF-2BB7-4CE5-B776-E721CB4EBEF6}.Release|Any CPU.Build.0 = Release|Any CPU
	EndGlobalSection
	GlobalSection(SolutionProperties) = preSolution
		HideSolutionNode = FALSE
	EndGlobalSection
	GlobalSection(ExtensibilityGlobals) = postSolution
		SolutionGuid = {F48B9080-DB12-454B-A236-4C625A6A8BF5}
	EndGlobalSection
EndGlobal
